// !$*UTF8*$!
{
	archiveVersion = 1;
	classes = {
	};
	objectVersion = 50;
	objects = {

/* Begin PBXBuildFile section */
		4541C1C1255FD09F0064BC7F /* TimelineScrollView.swift in Sources */ = {isa = PBXBuildFile; fileRef = 4541C1C0255FD09F0064BC7F /* TimelineScrollView.swift */; };
		4541C1C6255FD3960064BC7F /* MainView.swift in Sources */ = {isa = PBXBuildFile; fileRef = 4541C1C5255FD3960064BC7F /* MainView.swift */; };
		4541C1CB255FD4630064BC7F /* TestView.swift in Sources */ = {isa = PBXBuildFile; fileRef = 4541C1CA255FD4630064BC7F /* TestView.swift */; };
		457513C1255FC18600969898 /* ModeSelectionView.swift in Sources */ = {isa = PBXBuildFile; fileRef = 457513C0255FC18600969898 /* ModeSelectionView.swift */; };
		45C7005D25027E7B00C605E2 /* RailwaysApp.swift in Sources */ = {isa = PBXBuildFile; fileRef = 45C7005C25027E7B00C605E2 /* RailwaysApp.swift */; };
		45C7005F25027E7B00C605E2 /* ContentView.swift in Sources */ = {isa = PBXBuildFile; fileRef = 45C7005E25027E7B00C605E2 /* ContentView.swift */; };
		45C7006125027E7C00C605E2 /* Assets.xcassets in Resources */ = {isa = PBXBuildFile; fileRef = 45C7006025027E7C00C605E2 /* Assets.xcassets */; };
		45C7006425027E7C00C605E2 /* Preview Assets.xcassets in Resources */ = {isa = PBXBuildFile; fileRef = 45C7006325027E7C00C605E2 /* Preview Assets.xcassets */; };
		45C7007025027E7D00C605E2 /* RailwaysTests.swift in Sources */ = {isa = PBXBuildFile; fileRef = 45C7006F25027E7D00C605E2 /* RailwaysTests.swift */; };
		45C7007B25027E7D00C605E2 /* RailwaysUITests.swift in Sources */ = {isa = PBXBuildFile; fileRef = 45C7007A25027E7D00C605E2 /* RailwaysUITests.swift */; };
/* End PBXBuildFile section */

/* Begin PBXContainerItemProxy section */
		45C7006C25027E7D00C605E2 /* PBXContainerItemProxy */ = {
			isa = PBXContainerItemProxy;
			containerPortal = 45C7005125027E7B00C605E2 /* Project object */;
			proxyType = 1;
			remoteGlobalIDString = 45C7005825027E7B00C605E2;
			remoteInfo = Railways;
		};
		45C7007725027E7D00C605E2 /* PBXContainerItemProxy */ = {
			isa = PBXContainerItemProxy;
			containerPortal = 45C7005125027E7B00C605E2 /* Project object */;
			proxyType = 1;
			remoteGlobalIDString = 45C7005825027E7B00C605E2;
			remoteInfo = Railways;
		};
/* End PBXContainerItemProxy section */

/* Begin PBXFileReference section */
		4541C1C0255FD09F0064BC7F /* TimelineScrollView.swift */ = {isa = PBXFileReference; lastKnownFileType = sourcecode.swift; path = TimelineScrollView.swift; sourceTree = "<group>"; };
		4541C1C5255FD3960064BC7F /* MainView.swift */ = {isa = PBXFileReference; lastKnownFileType = sourcecode.swift; path = MainView.swift; sourceTree = "<group>"; };
		4541C1CA255FD4630064BC7F /* TestView.swift */ = {isa = PBXFileReference; lastKnownFileType = sourcecode.swift; path = TestView.swift; sourceTree = "<group>"; };
		457513C0255FC18600969898 /* ModeSelectionView.swift */ = {isa = PBXFileReference; lastKnownFileType = sourcecode.swift; path = ModeSelectionView.swift; sourceTree = "<group>"; };
		45C7005925027E7B00C605E2 /* Railways.app */ = {isa = PBXFileReference; explicitFileType = wrapper.application; includeInIndex = 0; path = Railways.app; sourceTree = BUILT_PRODUCTS_DIR; };
		45C7005C25027E7B00C605E2 /* RailwaysApp.swift */ = {isa = PBXFileReference; lastKnownFileType = sourcecode.swift; path = RailwaysApp.swift; sourceTree = "<group>"; };
		45C7005E25027E7B00C605E2 /* ContentView.swift */ = {isa = PBXFileReference; lastKnownFileType = sourcecode.swift; path = ContentView.swift; sourceTree = "<group>"; };
		45C7006025027E7C00C605E2 /* Assets.xcassets */ = {isa = PBXFileReference; lastKnownFileType = folder.assetcatalog; path = Assets.xcassets; sourceTree = "<group>"; };
		45C7006325027E7C00C605E2 /* Preview Assets.xcassets */ = {isa = PBXFileReference; lastKnownFileType = folder.assetcatalog; path = "Preview Assets.xcassets"; sourceTree = "<group>"; };
		45C7006525027E7C00C605E2 /* Info.plist */ = {isa = PBXFileReference; lastKnownFileType = text.plist.xml; path = Info.plist; sourceTree = "<group>"; };
		45C7006625027E7C00C605E2 /* Railways.entitlements */ = {isa = PBXFileReference; lastKnownFileType = text.plist.entitlements; path = Railways.entitlements; sourceTree = "<group>"; };
		45C7006B25027E7D00C605E2 /* RailwaysTests.xctest */ = {isa = PBXFileReference; explicitFileType = wrapper.cfbundle; includeInIndex = 0; path = RailwaysTests.xctest; sourceTree = BUILT_PRODUCTS_DIR; };
		45C7006F25027E7D00C605E2 /* RailwaysTests.swift */ = {isa = PBXFileReference; lastKnownFileType = sourcecode.swift; path = RailwaysTests.swift; sourceTree = "<group>"; };
		45C7007125027E7D00C605E2 /* Info.plist */ = {isa = PBXFileReference; lastKnownFileType = text.plist.xml; path = Info.plist; sourceTree = "<group>"; };
		45C7007625027E7D00C605E2 /* RailwaysUITests.xctest */ = {isa = PBXFileReference; explicitFileType = wrapper.cfbundle; includeInIndex = 0; path = RailwaysUITests.xctest; sourceTree = BUILT_PRODUCTS_DIR; };
		45C7007A25027E7D00C605E2 /* RailwaysUITests.swift */ = {isa = PBXFileReference; lastKnownFileType = sourcecode.swift; path = RailwaysUITests.swift; sourceTree = "<group>"; };
		45C7007C25027E7D00C605E2 /* Info.plist */ = {isa = PBXFileReference; lastKnownFileType = text.plist.xml; path = Info.plist; sourceTree = "<group>"; };
/* End PBXFileReference section */

/* Begin PBXFrameworksBuildPhase section */
		45C7005625027E7B00C605E2 /* Frameworks */ = {
			isa = PBXFrameworksBuildPhase;
			buildActionMask = 2147483647;
			files = (
			);
			runOnlyForDeploymentPostprocessing = 0;
		};
		45C7006825027E7D00C605E2 /* Frameworks */ = {
			isa = PBXFrameworksBuildPhase;
			buildActionMask = 2147483647;
			files = (
			);
			runOnlyForDeploymentPostprocessing = 0;
		};
		45C7007325027E7D00C605E2 /* Frameworks */ = {
			isa = PBXFrameworksBuildPhase;
			buildActionMask = 2147483647;
			files = (
			);
			runOnlyForDeploymentPostprocessing = 0;
		};
/* End PBXFrameworksBuildPhase section */

/* Begin PBXGroup section */
		45C7005025027E7B00C605E2 = {
			isa = PBXGroup;
			children = (
				45C7005B25027E7B00C605E2 /* Railways */,
				45C7006E25027E7D00C605E2 /* RailwaysTests */,
				45C7007925027E7D00C605E2 /* RailwaysUITests */,
				45C7005A25027E7B00C605E2 /* Products */,
			);
			sourceTree = "<group>";
		};
		45C7005A25027E7B00C605E2 /* Products */ = {
			isa = PBXGroup;
			children = (
				45C7005925027E7B00C605E2 /* Railways.app */,
				45C7006B25027E7D00C605E2 /* RailwaysTests.xctest */,
				45C7007625027E7D00C605E2 /* RailwaysUITests.xctest */,
			);
			name = Products;
			sourceTree = "<group>";
		};
		45C7005B25027E7B00C605E2 /* Railways */ = {
			isa = PBXGroup;
			children = (
				45C7005C25027E7B00C605E2 /* RailwaysApp.swift */,
				45C7005E25027E7B00C605E2 /* ContentView.swift */,
				4541C1C5255FD3960064BC7F /* MainView.swift */,
				4541C1CA255FD4630064BC7F /* TestView.swift */,
				4541C1C0255FD09F0064BC7F /* TimelineScrollView.swift */,
				457513C0255FC18600969898 /* ModeSelectionView.swift */,
				45C7006025027E7C00C605E2 /* Assets.xcassets */,
				45C7006525027E7C00C605E2 /* Info.plist */,
				45C7006625027E7C00C605E2 /* Railways.entitlements */,
				45C7006225027E7C00C605E2 /* Preview Content */,
			);
			path = Railways;
			sourceTree = "<group>";
		};
		45C7006225027E7C00C605E2 /* Preview Content */ = {
			isa = PBXGroup;
			children = (
				45C7006325027E7C00C605E2 /* Preview Assets.xcassets */,
			);
			path = "Preview Content";
			sourceTree = "<group>";
		};
		45C7006E25027E7D00C605E2 /* RailwaysTests */ = {
			isa = PBXGroup;
			children = (
				45C7006F25027E7D00C605E2 /* RailwaysTests.swift */,
				45C7007125027E7D00C605E2 /* Info.plist */,
			);
			path = RailwaysTests;
			sourceTree = "<group>";
		};
		45C7007925027E7D00C605E2 /* RailwaysUITests */ = {
			isa = PBXGroup;
			children = (
				45C7007A25027E7D00C605E2 /* RailwaysUITests.swift */,
				45C7007C25027E7D00C605E2 /* Info.plist */,
			);
			path = RailwaysUITests;
			sourceTree = "<group>";
		};
/* End PBXGroup section */

/* Begin PBXNativeTarget section */
		45C7005825027E7B00C605E2 /* Railways */ = {
			isa = PBXNativeTarget;
			buildConfigurationList = 45C7007F25027E7D00C605E2 /* Build configuration list for PBXNativeTarget "Railways" */;
			buildPhases = (
				45C7005525027E7B00C605E2 /* Sources */,
				45C7005625027E7B00C605E2 /* Frameworks */,
				45C7005725027E7B00C605E2 /* Resources */,
			);
			buildRules = (
			);
			dependencies = (
			);
			name = Railways;
			productName = Railways;
			productReference = 45C7005925027E7B00C605E2 /* Railways.app */;
			productType = "com.apple.product-type.application";
		};
		45C7006A25027E7D00C605E2 /* RailwaysTests */ = {
			isa = PBXNativeTarget;
			buildConfigurationList = 45C7008225027E7D00C605E2 /* Build configuration list for PBXNativeTarget "RailwaysTests" */;
			buildPhases = (
				45C7006725027E7D00C605E2 /* Sources */,
				45C7006825027E7D00C605E2 /* Frameworks */,
				45C7006925027E7D00C605E2 /* Resources */,
			);
			buildRules = (
			);
			dependencies = (
				45C7006D25027E7D00C605E2 /* PBXTargetDependency */,
			);
			name = RailwaysTests;
			productName = RailwaysTests;
			productReference = 45C7006B25027E7D00C605E2 /* RailwaysTests.xctest */;
			productType = "com.apple.product-type.bundle.unit-test";
		};
		45C7007525027E7D00C605E2 /* RailwaysUITests */ = {
			isa = PBXNativeTarget;
			buildConfigurationList = 45C7008525027E7D00C605E2 /* Build configuration list for PBXNativeTarget "RailwaysUITests" */;
			buildPhases = (
				45C7007225027E7D00C605E2 /* Sources */,
				45C7007325027E7D00C605E2 /* Frameworks */,
				45C7007425027E7D00C605E2 /* Resources */,
			);
			buildRules = (
			);
			dependencies = (
				45C7007825027E7D00C605E2 /* PBXTargetDependency */,
			);
			name = RailwaysUITests;
			productName = RailwaysUITests;
			productReference = 45C7007625027E7D00C605E2 /* RailwaysUITests.xctest */;
			productType = "com.apple.product-type.bundle.ui-testing";
		};
/* End PBXNativeTarget section */

/* Begin PBXProject section */
		45C7005125027E7B00C605E2 /* Project object */ = {
			isa = PBXProject;
			attributes = {
				LastSwiftUpdateCheck = 1200;
				LastUpgradeCheck = 1220;
				TargetAttributes = {
					45C7005825027E7B00C605E2 = {
						CreatedOnToolsVersion = 12.0;
					};
					45C7006A25027E7D00C605E2 = {
						CreatedOnToolsVersion = 12.0;
						TestTargetID = 45C7005825027E7B00C605E2;
					};
					45C7007525027E7D00C605E2 = {
						CreatedOnToolsVersion = 12.0;
						TestTargetID = 45C7005825027E7B00C605E2;
					};
				};
			};
			buildConfigurationList = 45C7005425027E7B00C605E2 /* Build configuration list for PBXProject "Railways" */;
			compatibilityVersion = "Xcode 9.3";
			developmentRegion = en;
			hasScannedForEncodings = 0;
			knownRegions = (
				en,
				Base,
			);
			mainGroup = 45C7005025027E7B00C605E2;
			productRefGroup = 45C7005A25027E7B00C605E2 /* Products */;
			projectDirPath = "";
			projectRoot = "";
			targets = (
				45C7005825027E7B00C605E2 /* Railways */,
				45C7006A25027E7D00C605E2 /* RailwaysTests */,
				45C7007525027E7D00C605E2 /* RailwaysUITests */,
			);
		};
/* End PBXProject section */

/* Begin PBXResourcesBuildPhase section */
		45C7005725027E7B00C605E2 /* Resources */ = {
			isa = PBXResourcesBuildPhase;
			buildActionMask = 2147483647;
			files = (
				45C7006425027E7C00C605E2 /* Preview Assets.xcassets in Resources */,
				45C7006125027E7C00C605E2 /* Assets.xcassets in Resources */,
			);
			runOnlyForDeploymentPostprocessing = 0;
		};
		45C7006925027E7D00C605E2 /* Resources */ = {
			isa = PBXResourcesBuildPhase;
			buildActionMask = 2147483647;
			files = (
			);
			runOnlyForDeploymentPostprocessing = 0;
		};
		45C7007425027E7D00C605E2 /* Resources */ = {
			isa = PBXResourcesBuildPhase;
			buildActionMask = 2147483647;
			files = (
			);
			runOnlyForDeploymentPostprocessing = 0;
		};
/* End PBXResourcesBuildPhase section */

/* Begin PBXSourcesBuildPhase section */
		45C7005525027E7B00C605E2 /* Sources */ = {
			isa = PBXSourcesBuildPhase;
			buildActionMask = 2147483647;
			files = (
				4541C1CB255FD4630064BC7F /* TestView.swift in Sources */,
				4541C1C1255FD09F0064BC7F /* TimelineScrollView.swift in Sources */,
				457513C1255FC18600969898 /* ModeSelectionView.swift in Sources */,
				45C7005F25027E7B00C605E2 /* ContentView.swift in Sources */,
				4541C1C6255FD3960064BC7F /* MainView.swift in Sources */,
				45C7005D25027E7B00C605E2 /* RailwaysApp.swift in Sources */,
			);
			runOnlyForDeploymentPostprocessing = 0;
		};
		45C7006725027E7D00C605E2 /* Sources */ = {
			isa = PBXSourcesBuildPhase;
			buildActionMask = 2147483647;
			files = (
				45C7007025027E7D00C605E2 /* RailwaysTests.swift in Sources */,
			);
			runOnlyForDeploymentPostprocessing = 0;
		};
		45C7007225027E7D00C605E2 /* Sources */ = {
			isa = PBXSourcesBuildPhase;
			buildActionMask = 2147483647;
			files = (
				45C7007B25027E7D00C605E2 /* RailwaysUITests.swift in Sources */,
			);
			runOnlyForDeploymentPostprocessing = 0;
		};
/* End PBXSourcesBuildPhase section */

/* Begin PBXTargetDependency section */
		45C7006D25027E7D00C605E2 /* PBXTargetDependency */ = {
			isa = PBXTargetDependency;
			target = 45C7005825027E7B00C605E2 /* Railways */;
			targetProxy = 45C7006C25027E7D00C605E2 /* PBXContainerItemProxy */;
		};
		45C7007825027E7D00C605E2 /* PBXTargetDependency */ = {
			isa = PBXTargetDependency;
			target = 45C7005825027E7B00C605E2 /* Railways */;
			targetProxy = 45C7007725027E7D00C605E2 /* PBXContainerItemProxy */;
		};
/* End PBXTargetDependency section */

/* Begin XCBuildConfiguration section */
		45C7007D25027E7D00C605E2 /* Debug */ = {
			isa = XCBuildConfiguration;
			buildSettings = {
				ALWAYS_SEARCH_USER_PATHS = NO;
				CLANG_ANALYZER_NONNULL = YES;
				CLANG_ANALYZER_NUMBER_OBJECT_CONVERSION = YES_AGGRESSIVE;
				CLANG_CXX_LANGUAGE_STANDARD = "gnu++14";
				CLANG_CXX_LIBRARY = "libc++";
				CLANG_ENABLE_MODULES = YES;
				CLANG_ENABLE_OBJC_ARC = YES;
				CLANG_ENABLE_OBJC_WEAK = YES;
				CLANG_WARN_BLOCK_CAPTURE_AUTORELEASING = YES;
				CLANG_WARN_BOOL_CONVERSION = YES;
				CLANG_WARN_COMMA = YES;
				CLANG_WARN_CONSTANT_CONVERSION = YES;
				CLANG_WARN_DEPRECATED_OBJC_IMPLEMENTATIONS = YES;
				CLANG_WARN_DIRECT_OBJC_ISA_USAGE = YES_ERROR;
				CLANG_WARN_DOCUMENTATION_COMMENTS = YES;
				CLANG_WARN_EMPTY_BODY = YES;
				CLANG_WARN_ENUM_CONVERSION = YES;
				CLANG_WARN_INFINITE_RECURSION = YES;
				CLANG_WARN_INT_CONVERSION = YES;
				CLANG_WARN_NON_LITERAL_NULL_CONVERSION = YES;
				CLANG_WARN_OBJC_IMPLICIT_RETAIN_SELF = YES;
				CLANG_WARN_OBJC_LITERAL_CONVERSION = YES;
				CLANG_WARN_OBJC_ROOT_CLASS = YES_ERROR;
				CLANG_WARN_QUOTED_INCLUDE_IN_FRAMEWORK_HEADER = YES;
				CLANG_WARN_RANGE_LOOP_ANALYSIS = YES;
				CLANG_WARN_STRICT_PROTOTYPES = YES;
				CLANG_WARN_SUSPICIOUS_MOVE = YES;
				CLANG_WARN_UNGUARDED_AVAILABILITY = YES_AGGRESSIVE;
				CLANG_WARN_UNREACHABLE_CODE = YES;
				CLANG_WARN__DUPLICATE_METHOD_MATCH = YES;
				COPY_PHASE_STRIP = NO;
				DEBUG_INFORMATION_FORMAT = dwarf;
				ENABLE_STRICT_OBJC_MSGSEND = YES;
				ENABLE_TESTABILITY = YES;
				GCC_C_LANGUAGE_STANDARD = gnu11;
				GCC_DYNAMIC_NO_PIC = NO;
				GCC_NO_COMMON_BLOCKS = YES;
				GCC_OPTIMIZATION_LEVEL = 0;
				GCC_PREPROCESSOR_DEFINITIONS = (
					"DEBUG=1",
					"$(inherited)",
				);
				GCC_WARN_64_TO_32_BIT_CONVERSION = YES;
				GCC_WARN_ABOUT_RETURN_TYPE = YES_ERROR;
				GCC_WARN_UNDECLARED_SELECTOR = YES;
				GCC_WARN_UNINITIALIZED_AUTOS = YES_AGGRESSIVE;
				GCC_WARN_UNUSED_FUNCTION = YES;
				GCC_WARN_UNUSED_VARIABLE = YES;
				MACOSX_DEPLOYMENT_TARGET = 11.0;
				MTL_ENABLE_DEBUG_INFO = INCLUDE_SOURCE;
				MTL_FAST_MATH = YES;
				ONLY_ACTIVE_ARCH = YES;
				SDKROOT = macosx;
				SWIFT_ACTIVE_COMPILATION_CONDITIONS = DEBUG;
				SWIFT_OPTIMIZATION_LEVEL = "-Onone";
			};
			name = Debug;
		};
		45C7007E25027E7D00C605E2 /* Release */ = {
			isa = XCBuildConfiguration;
			buildSettings = {
				ALWAYS_SEARCH_USER_PATHS = NO;
				CLANG_ANALYZER_NONNULL = YES;
				CLANG_ANALYZER_NUMBER_OBJECT_CONVERSION = YES_AGGRESSIVE;
				CLANG_CXX_LANGUAGE_STANDARD = "gnu++14";
				CLANG_CXX_LIBRARY = "libc++";
				CLANG_ENABLE_MODULES = YES;
				CLANG_ENABLE_OBJC_ARC = YES;
				CLANG_ENABLE_OBJC_WEAK = YES;
				CLANG_WARN_BLOCK_CAPTURE_AUTORELEASING = YES;
				CLANG_WARN_BOOL_CONVERSION = YES;
				CLANG_WARN_COMMA = YES;
				CLANG_WARN_CONSTANT_CONVERSION = YES;
				CLANG_WARN_DEPRECATED_OBJC_IMPLEMENTATIONS = YES;
				CLANG_WARN_DIRECT_OBJC_ISA_USAGE = YES_ERROR;
				CLANG_WARN_DOCUMENTATION_COMMENTS = YES;
				CLANG_WARN_EMPTY_BODY = YES;
				CLANG_WARN_ENUM_CONVERSION = YES;
				CLANG_WARN_INFINITE_RECURSION = YES;
				CLANG_WARN_INT_CONVERSION = YES;
				CLANG_WARN_NON_LITERAL_NULL_CONVERSION = YES;
				CLANG_WARN_OBJC_IMPLICIT_RETAIN_SELF = YES;
				CLANG_WARN_OBJC_LITERAL_CONVERSION = YES;
				CLANG_WARN_OBJC_ROOT_CLASS = YES_ERROR;
				CLANG_WARN_QUOTED_INCLUDE_IN_FRAMEWORK_HEADER = YES;
				CLANG_WARN_RANGE_LOOP_ANALYSIS = YES;
				CLANG_WARN_STRICT_PROTOTYPES = YES;
				CLANG_WARN_SUSPICIOUS_MOVE = YES;
				CLANG_WARN_UNGUARDED_AVAILABILITY = YES_AGGRESSIVE;
				CLANG_WARN_UNREACHABLE_CODE = YES;
				CLANG_WARN__DUPLICATE_METHOD_MATCH = YES;
				COPY_PHASE_STRIP = NO;
				DEBUG_INFORMATION_FORMAT = "dwarf-with-dsym";
				ENABLE_NS_ASSERTIONS = NO;
				ENABLE_STRICT_OBJC_MSGSEND = YES;
				GCC_C_LANGUAGE_STANDARD = gnu11;
				GCC_NO_COMMON_BLOCKS = YES;
				GCC_WARN_64_TO_32_BIT_CONVERSION = YES;
				GCC_WARN_ABOUT_RETURN_TYPE = YES_ERROR;
				GCC_WARN_UNDECLARED_SELECTOR = YES;
				GCC_WARN_UNINITIALIZED_AUTOS = YES_AGGRESSIVE;
				GCC_WARN_UNUSED_FUNCTION = YES;
				GCC_WARN_UNUSED_VARIABLE = YES;
				MACOSX_DEPLOYMENT_TARGET = 11.0;
				MTL_ENABLE_DEBUG_INFO = NO;
				MTL_FAST_MATH = YES;
				SDKROOT = macosx;
				SWIFT_COMPILATION_MODE = wholemodule;
				SWIFT_OPTIMIZATION_LEVEL = "-O";
			};
			name = Release;
		};
		45C7008025027E7D00C605E2 /* Debug */ = {
			isa = XCBuildConfiguration;
			buildSettings = {
				ASSETCATALOG_COMPILER_APPICON_NAME = AppIcon;
				ASSETCATALOG_COMPILER_GLOBAL_ACCENT_COLOR_NAME = AccentColor;
				CODE_SIGN_ENTITLEMENTS = Railways/Railways.entitlements;
				CODE_SIGN_IDENTITY = "-";
				CODE_SIGN_STYLE = Automatic;
				COMBINE_HIDPI_IMAGES = YES;
				DEVELOPMENT_ASSET_PATHS = "\"Railways/Preview Content\"";
				DEVELOPMENT_TEAM = 58QL7E6Z98;
				ENABLE_HARDENED_RUNTIME = YES;
				ENABLE_PREVIEWS = YES;
				INFOPLIST_FILE = Railways/Info.plist;
				LD_RUNPATH_SEARCH_PATHS = (
					"$(inherited)",
					"@executable_path/../Frameworks",
				);
				MACOSX_DEPLOYMENT_TARGET = 11.0;
				PRODUCT_BUNDLE_IDENTIFIER = itemic.Railways;
				PRODUCT_NAME = "$(TARGET_NAME)";
				SWIFT_VERSION = 5.0;
			};
			name = Debug;
		};
		45C7008125027E7D00C605E2 /* Release */ = {
			isa = XCBuildConfiguration;
			buildSettings = {
				ASSETCATALOG_COMPILER_APPICON_NAME = AppIcon;
				ASSETCATALOG_COMPILER_GLOBAL_ACCENT_COLOR_NAME = AccentColor;
				CODE_SIGN_ENTITLEMENTS = Railways/Railways.entitlements;
				CODE_SIGN_IDENTITY = "-";
				CODE_SIGN_STYLE = Automatic;
				COMBINE_HIDPI_IMAGES = YES;
				DEVELOPMENT_ASSET_PATHS = "\"Railways/Preview Content\"";
				DEVELOPMENT_TEAM = 58QL7E6Z98;
				ENABLE_HARDENED_RUNTIME = YES;
				ENABLE_PREVIEWS = YES;
				INFOPLIST_FILE = Railways/Info.plist;
				LD_RUNPATH_SEARCH_PATHS = (
					"$(inherited)",
					"@executable_path/../Frameworks",
				);
				MACOSX_DEPLOYMENT_TARGET = 11.0;
				PRODUCT_BUNDLE_IDENTIFIER = itemic.Railways;
				PRODUCT_NAME = "$(TARGET_NAME)";
				SWIFT_VERSION = 5.0;
			};
			name = Release;
		};
		45C7008325027E7D00C605E2 /* Debug */ = {
			isa = XCBuildConfiguration;
			buildSettings = {
				ALWAYS_EMBED_SWIFT_STANDARD_LIBRARIES = YES;
				BUNDLE_LOADER = "$(TEST_HOST)";
				CODE_SIGN_STYLE = Automatic;
				COMBINE_HIDPI_IMAGES = YES;
				DEVELOPMENT_TEAM = 58QL7E6Z98;
				INFOPLIST_FILE = RailwaysTests/Info.plist;
				LD_RUNPATH_SEARCH_PATHS = (
					"$(inherited)",
					"@executable_path/../Frameworks",
					"@loader_path/../Frameworks",
				);
				MACOSX_DEPLOYMENT_TARGET = 11.0;
				PRODUCT_BUNDLE_IDENTIFIER = itemic.RailwaysTests;
				PRODUCT_NAME = "$(TARGET_NAME)";
				SWIFT_VERSION = 5.0;
				TEST_HOST = "$(BUILT_PRODUCTS_DIR)/Railways.app/Contents/MacOS/Railways";
			};
			name = Debug;
		};
		45C7008425027E7D00C605E2 /* Release */ = {
			isa = XCBuildConfiguration;
			buildSettings = {
				ALWAYS_EMBED_SWIFT_STANDARD_LIBRARIES = YES;
				BUNDLE_LOADER = "$(TEST_HOST)";
				CODE_SIGN_STYLE = Automatic;
				COMBINE_HIDPI_IMAGES = YES;
				DEVELOPMENT_TEAM = 58QL7E6Z98;
				INFOPLIST_FILE = RailwaysTests/Info.plist;
				LD_RUNPATH_SEARCH_PATHS = (
					"$(inherited)",
					"@executable_path/../Frameworks",
					"@loader_path/../Frameworks",
				);
				MACOSX_DEPLOYMENT_TARGET = 11.0;
				PRODUCT_BUNDLE_IDENTIFIER = itemic.RailwaysTests;
				PRODUCT_NAME = "$(TARGET_NAME)";
				SWIFT_VERSION = 5.0;
				TEST_HOST = "$(BUILT_PRODUCTS_DIR)/Railways.app/Contents/MacOS/Railways";
			};
			name = Release;
		};
		45C7008625027E7D00C605E2 /* Debug */ = {
			isa = XCBuildConfiguration;
			buildSettings = {
				ALWAYS_EMBED_SWIFT_STANDARD_LIBRARIES = YES;
				CODE_SIGN_STYLE = Automatic;
				COMBINE_HIDPI_IMAGES = YES;
				DEVELOPMENT_TEAM = 58QL7E6Z98;
				INFOPLIST_FILE = RailwaysUITests/Info.plist;
				LD_RUNPATH_SEARCH_PATHS = (
					"$(inherited)",
					"@executable_path/../Frameworks",
					"@loader_path/../Frameworks",
				);
				PRODUCT_BUNDLE_IDENTIFIER = itemic.RailwaysUITests;
				PRODUCT_NAME = "$(TARGET_NAME)";
				SWIFT_VERSION = 5.0;
				TEST_TARGET_NAME = Railways;
			};
			name = Debug;
		};
		45C7008725027E7D00C605E2 /* Release */ = {
			isa = XCBuildConfiguration;
			buildSettings = {
				ALWAYS_EMBED_SWIFT_STANDARD_LIBRARIES = YES;
				CODE_SIGN_STYLE = Automatic;
				COMBINE_HIDPI_IMAGES = YES;
				DEVELOPMENT_TEAM = 58QL7E6Z98;
				INFOPLIST_FILE = RailwaysUITests/Info.plist;
				LD_RUNPATH_SEARCH_PATHS = (
					"$(inherited)",
					"@executable_path/../Frameworks",
					"@loader_path/../Frameworks",
				);
				PRODUCT_BUNDLE_IDENTIFIER = itemic.RailwaysUITests;
				PRODUCT_NAME = "$(TARGET_NAME)";
				SWIFT_VERSION = 5.0;
				TEST_TARGET_NAME = Railways;
			};
			name = Release;
		};
/* End XCBuildConfiguration section */

/* Begin XCConfigurationList section */
		45C7005425027E7B00C605E2 /* Build configuration list for PBXProject "Railways" */ = {
			isa = XCConfigurationList;
			buildConfigurations = (
				45C7007D25027E7D00C605E2 /* Debug */,
				45C7007E25027E7D00C605E2 /* Release */,
			);
			defaultConfigurationIsVisible = 0;
			defaultConfigurationName = Release;
		};
		45C7007F25027E7D00C605E2 /* Build configuration list for PBXNativeTarget "Railways" */ = {
			isa = XCConfigurationList;
			buildConfigurations = (
				45C7008025027E7D00C605E2 /* Debug */,
				45C7008125027E7D00C605E2 /* Release */,
			);
			defaultConfigurationIsVisible = 0;
			defaultConfigurationName = Release;
		};
		45C7008225027E7D00C605E2 /* Build configuration list for PBXNativeTarget "RailwaysTests" */ = {
			isa = XCConfigurationList;
			buildConfigurations = (
				45C7008325027E7D00C605E2 /* Debug */,
				45C7008425027E7D00C605E2 /* Release */,
			);
			defaultConfigurationIsVisible = 0;
			defaultConfigurationName = Release;
		};
		45C7008525027E7D00C605E2 /* Build configuration list for PBXNativeTarget "RailwaysUITests" */ = {
			isa = XCConfigurationList;
			buildConfigurations = (
				45C7008625027E7D00C605E2 /* Debug */,
				45C7008725027E7D00C605E2 /* Release */,
			);
			defaultConfigurationIsVisible = 0;
			defaultConfigurationName = Release;
		};
/* End XCConfigurationList section */
	};
	rootObject = 45C7005125027E7B00C605E2 /* Project object */;
}
